
Microsoft Visual Studio Solution File, Format Version 12.00
# Visual Studio Version 17
VisualStudioVersion = 17.5.33516.290
MinimumVisualStudioVersion = 10.0.40219.1
Project("{9A19103F-16F7-4668-BE54-9A1E7A4F7556}") = "Domain", "Domain\Domain.csproj", "{51763E87-E806-48F5-9487-326314E64969}"
EndProject
Project("{9A19103F-16F7-4668-BE54-9A1E7A4F7556}") = "Infrastructure", "Infrastructure\Infrastructure.csproj", "{CDC30090-366C-4EA0-98DB-5A8AFE74FBC9}"
EndProject
Project("{9A19103F-16F7-4668-BE54-9A1E7A4F7556}") = "WebAPI", "WebAPI\WebAPI.csproj", "{FAAB1043-F893-46F1-809E-0F8B41B92FFA}"
EndProject
Global
	GlobalSection(SolutionConfigurationPlatforms) = preSolution
		Debug|Any CPU = Debug|Any CPU
		Release|Any CPU = Release|Any CPU
	EndGlobalSection
	GlobalSection(ProjectConfigurationPlatforms) = postSolution
		{51763E87-E806-48F5-9487-326314E64969}.Debug|Any CPU.ActiveCfg = Debug|Any CPU
		{51763E87-E806-48F5-9487-326314E64969}.Debug|Any CPU.Build.0 = Debug|Any CPU
		{51763E87-E806-48F5-9487-326314E64969}.Release|Any CPU.ActiveCfg = Release|Any CPU
		{51763E87-E806-48F5-9487-326314E64969}.Release|Any CPU.Build.0 = Release|Any CPU
		{CDC30090-366C-4EA0-98DB-5A8AFE74FBC9}.Debug|Any CPU.ActiveCfg = Debug|Any CPU
		{CDC30090-366C-4EA0-98DB-5A8AFE74FBC9}.Debug|Any CPU.Build.0 = Debug|Any CPU
		{CDC30090-366C-4EA0-98DB-5A8AFE74FBC9}.Release|Any CPU.ActiveCfg = Release|Any CPU
		{CDC30090-366C-4EA0-98DB-5A8AFE74FBC9}.Release|Any CPU.Build.0 = Release|Any CPU
		{FAAB1043-F893-46F1-809E-0F8B41B92FFA}.Debug|Any CPU.ActiveCfg = Debug|Any CPU
		{FAAB1043-F893-46F1-809E-0F8B41B92FFA}.Debug|Any CPU.Build.0 = Debug|Any CPU
		{FAAB1043-F893-46F1-809E-0F8B41B92FFA}.Release|Any CPU.ActiveCfg = Release|Any CPU
		{FAAB1043-F893-46F1-809E-0F8B41B92FFA}.Release|Any CPU.Build.0 = Release|Any CPU
	EndGlobalSection
	GlobalSection(SolutionProperties) = preSolution
		HideSolutionNode = FALSE
	EndGlobalSection
	GlobalSection(ExtensibilityGlobals) = postSolution
		SolutionGuid = {2CF4A06C-FFBB-4896-B83D-EE24F7A5107E}
	EndGlobalSection
EndGlobal
